# This file is @generated by PDM.
# It is not intended for manual editing.

[metadata]
groups = ["default", "dev"]
strategy = ["inherit_metadata"]
lock_version = "4.5.0"
content_hash = "sha256:2bf683c8627b675d845d2bda3fab0d83e6faaa92c70ffae1b35dea62c124475f"

[[metadata.targets]]
requires_python = "==3.11.4"

[[package]]
name = "aiohappyeyeballs"
version = "2.3.4"
requires_python = "<4.0,>=3.8"
summary = "Happy Eyeballs for asyncio"
groups = ["default"]
marker = "python_full_version == \"3.11.4\""
files = [
    {file = "aiohappyeyeballs-2.3.4-py3-none-any.whl", hash = "sha256:40a16ceffcf1fc9e142fd488123b2e218abc4188cf12ac20c67200e1579baa42"},
    {file = "aiohappyeyeballs-2.3.4.tar.gz", hash = "sha256:7e1ae8399c320a8adec76f6c919ed5ceae6edd4c3672f4d9eae2b27e37c80ff6"},
]

[[package]]
name = "aiohttp"
version = "3.10.0"
requires_python = ">=3.8"
summary = "Async http client/server framework (asyncio)"
groups = ["default"]
marker = "python_full_version == \"3.11.4\""
dependencies = [
    "aiohappyeyeballs>=2.3.0",
    "aiosignal>=1.1.2",
    "async-timeout<5.0,>=4.0; python_version < \"3.11\"",
    "attrs>=17.3.0",
    "frozenlist>=1.1.1",
    "multidict<7.0,>=4.5",
    "yarl<2.0,>=1.0",
]
files = [
    {file = "aiohttp-3.10.0-cp311-cp311-macosx_10_9_universal2.whl", hash = "sha256:13679e11937d3f37600860de1f848e2e062e2b396d3aa79b38c89f9c8ab7e791"},
    {file = "aiohttp-3.10.0-cp311-cp311-macosx_10_9_x86_64.whl", hash = "sha256:8c66a1aadafbc0bd7d648cb7fcb3860ec9beb1b436ce3357036a4d9284fcef9a"},
    {file = "aiohttp-3.10.0-cp311-cp311-macosx_11_0_arm64.whl", hash = "sha256:b7e3545b06aae925f90f06402e05cfb9c62c6409ce57041932163b09c48daad6"},
    {file = "aiohttp-3.10.0-cp311-cp311-manylinux_2_17_aarch64.manylinux2014_aarch64.whl", hash = "sha256:effafe5144aa32f0388e8f99b1b2692cf094ea2f6b7ceca384b54338b77b1f50"},
    {file = "aiohttp-3.10.0-cp311-cp311-manylinux_2_17_ppc64le.manylinux2014_ppc64le.whl", hash = "sha256:a04f2c8d41821a2507b49b2694c40495a295b013afb0cc7355b337980b47c546"},
    {file = "aiohttp-3.10.0-cp311-cp311-manylinux_2_17_s390x.manylinux2014_s390x.whl", hash = "sha256:6dbfac556219d884d50edc6e1952a93545c2786193f00f5521ec0d9d464040ab"},
    {file = "aiohttp-3.10.0-cp311-cp311-manylinux_2_17_x86_64.manylinux2014_x86_64.whl", hash = "sha256:a65472256c5232681968deeea3cd5453aa091c44e8db09f22f1a1491d422c2d9"},
    {file = "aiohttp-3.10.0-cp311-cp311-manylinux_2_5_i686.manylinux1_i686.manylinux_2_17_i686.manylinux2014_i686.whl", hash = "sha256:941366a554e566efdd3f042e17a9e461a36202469e5fd2aee66fe3efe6412aef"},
    {file = "aiohttp-3.10.0-cp311-cp311-musllinux_1_2_aarch64.whl", hash = "sha256:927b4aca6340301e7d8bb05278d0b6585b8633ea852b7022d604a5df920486bf"},
    {file = "aiohttp-3.10.0-cp311-cp311-musllinux_1_2_i686.whl", hash = "sha256:34adb8412e736a5d0df6d1fccdf71599dfb07a63add241a94a189b6364e997f1"},
    {file = "aiohttp-3.10.0-cp311-cp311-musllinux_1_2_ppc64le.whl", hash = "sha256:43c60d9b332a01ee985f080f639f3e56abcfb95ec1320013c94083c3b6a2e143"},
    {file = "aiohttp-3.10.0-cp311-cp311-musllinux_1_2_s390x.whl", hash = "sha256:3f49edf7c5cd2987634116e1b6a0ee2438fca17f7c4ee480ff41decb76cf6158"},
    {file = "aiohttp-3.10.0-cp311-cp311-musllinux_1_2_x86_64.whl", hash = "sha256:9784246431eaf9d651b3cc06f9c64f9a9f57299f4971c5ea778fa0b81074ef13"},
    {file = "aiohttp-3.10.0-cp311-cp311-win32.whl", hash = "sha256:bec91402df78b897a47b66b9c071f48051cea68d853d8bc1d4404896c6de41ae"},
    {file = "aiohttp-3.10.0-cp311-cp311-win_amd64.whl", hash = "sha256:25a9924343bf91b0c5082cae32cfc5a1f8787ac0433966319ec07b0ed4570722"},
    {file = "aiohttp-3.10.0.tar.gz", hash = "sha256:e8dd7da2609303e3574c95b0ec9f1fd49647ef29b94701a2862cceae76382e1d"},
]

[[package]]
name = "aiosignal"
version = "1.3.1"
requires_python = ">=3.7"
summary = "aiosignal: a list of registered asynchronous callbacks"
groups = ["default"]
marker = "python_full_version == \"3.11.4\""
dependencies = [
    "frozenlist>=1.1.0",
]
files = [
    {file = "aiosignal-1.3.1-py3-none-any.whl", hash = "sha256:f8376fb07dd1e86a584e4fcdec80b36b7f81aac666ebc724e2c090300dd83b17"},
    {file = "aiosignal-1.3.1.tar.gz", hash = "sha256:54cd96e15e1649b75d6c87526a6ff0b6c1b0dd3459f43d9ca11d48c339b68cfc"},
]

[[package]]
name = "attrs"
version = "23.2.0"
requires_python = ">=3.7"
summary = "Classes Without Boilerplate"
groups = ["default"]
marker = "python_full_version == \"3.11.4\""
dependencies = [
    "importlib-metadata; python_version < \"3.8\"",
]
files = [
    {file = "attrs-23.2.0-py3-none-any.whl", hash = "sha256:99b87a485a5820b23b879f04c2305b44b951b502fd64be915879d77a7e8fc6f1"},
    {file = "attrs-23.2.0.tar.gz", hash = "sha256:935dc3b529c262f6cf76e50877d35a4bd3c1de194fd41f47a2b7ae8f19971f30"},
]

[[package]]
name = "basedpyright"
version = "1.15.1"
requires_python = ">=3.8"
summary = "static type checking for Python (but based)"
groups = ["dev"]
marker = "python_full_version == \"3.11.4\""
dependencies = [
    "nodejs-wheel-binaries>=20.13.1",
]
files = [
    {file = "basedpyright-1.15.1-py3-none-any.whl", hash = "sha256:044d415e3691fbbc476f897420fd79d0a535510688f6639a1a175e37c977976f"},
    {file = "basedpyright-1.15.1.tar.gz", hash = "sha256:76e67453a3c3839506952de9f620d55aa1e3fcf2dbb276405df878bc83a185ee"},
]

[[package]]
name = "frozenlist"
version = "1.4.1"
requires_python = ">=3.8"
summary = "A list-like structure which implements collections.abc.MutableSequence"
groups = ["default"]
marker = "python_full_version == \"3.11.4\""
files = [
    {file = "frozenlist-1.4.1-cp311-cp311-macosx_10_9_universal2.whl", hash = "sha256:a0cb6f11204443f27a1628b0e460f37fb30f624be6051d490fa7d7e26d4af3d0"},
    {file = "frozenlist-1.4.1-cp311-cp311-macosx_10_9_x86_64.whl", hash = "sha256:b46c8ae3a8f1f41a0d2ef350c0b6e65822d80772fe46b653ab6b6274f61d4a49"},
    {file = "frozenlist-1.4.1-cp311-cp311-macosx_11_0_arm64.whl", hash = "sha256:fde5bd59ab5357e3853313127f4d3565fc7dad314a74d7b5d43c22c6a5ed2ced"},
    {file = "frozenlist-1.4.1-cp311-cp311-manylinux_2_17_aarch64.manylinux2014_aarch64.whl", hash = "sha256:722e1124aec435320ae01ee3ac7bec11a5d47f25d0ed6328f2273d287bc3abb0"},
    {file = "frozenlist-1.4.1-cp311-cp311-manylinux_2_17_ppc64le.manylinux2014_ppc64le.whl", hash = "sha256:2471c201b70d58a0f0c1f91261542a03d9a5e088ed3dc6c160d614c01649c106"},
    {file = "frozenlist-1.4.1-cp311-cp311-manylinux_2_17_s390x.manylinux2014_s390x.whl", hash = "sha256:c757a9dd70d72b076d6f68efdbb9bc943665ae954dad2801b874c8c69e185068"},
    {file = "frozenlist-1.4.1-cp311-cp311-manylinux_2_5_i686.manylinux1_i686.manylinux_2_17_i686.manylinux2014_i686.whl", hash = "sha256:f146e0911cb2f1da549fc58fc7bcd2b836a44b79ef871980d605ec392ff6b0d2"},
    {file = "frozenlist-1.4.1-cp311-cp311-manylinux_2_5_x86_64.manylinux1_x86_64.manylinux_2_17_x86_64.manylinux2014_x86_64.whl", hash = "sha256:4f9c515e7914626b2a2e1e311794b4c35720a0be87af52b79ff8e1429fc25f19"},
    {file = "frozenlist-1.4.1-cp311-cp311-musllinux_1_1_aarch64.whl", hash = "sha256:c302220494f5c1ebeb0912ea782bcd5e2f8308037b3c7553fad0e48ebad6ad82"},
    {file = "frozenlist-1.4.1-cp311-cp311-musllinux_1_1_i686.whl", hash = "sha256:442acde1e068288a4ba7acfe05f5f343e19fac87bfc96d89eb886b0363e977ec"},
    {file = "frozenlist-1.4.1-cp311-cp311-musllinux_1_1_ppc64le.whl", hash = "sha256:1b280e6507ea8a4fa0c0a7150b4e526a8d113989e28eaaef946cc77ffd7efc0a"},
    {file = "frozenlist-1.4.1-cp311-cp311-musllinux_1_1_s390x.whl", hash = "sha256:fe1a06da377e3a1062ae5fe0926e12b84eceb8a50b350ddca72dc85015873f74"},
    {file = "frozenlist-1.4.1-cp311-cp311-musllinux_1_1_x86_64.whl", hash = "sha256:db9e724bebd621d9beca794f2a4ff1d26eed5965b004a97f1f1685a173b869c2"},
    {file = "frozenlist-1.4.1-cp311-cp311-win32.whl", hash = "sha256:e774d53b1a477a67838a904131c4b0eef6b3d8a651f8b138b04f748fccfefe17"},
    {file = "frozenlist-1.4.1-cp311-cp311-win_amd64.whl", hash = "sha256:fb3c2db03683b5767dedb5769b8a40ebb47d6f7f45b1b3e3b4b51ec8ad9d9825"},
    {file = "frozenlist-1.4.1-py3-none-any.whl", hash = "sha256:04ced3e6a46b4cfffe20f9ae482818e34eba9b5fb0ce4056e4cc9b6e212d09b7"},
    {file = "frozenlist-1.4.1.tar.gz", hash = "sha256:c037a86e8513059a2613aaba4d817bb90b9d9b6b69aace3ce9c877e8c8ed402b"},
]

[[package]]
name = "idna"
version = "3.7"
requires_python = ">=3.5"
summary = "Internationalized Domain Names in Applications (IDNA)"
groups = ["default"]
marker = "python_full_version == \"3.11.4\""
files = [
    {file = "idna-3.7-py3-none-any.whl", hash = "sha256:82fee1fc78add43492d3a1898bfa6d8a904cc97d8427f683ed8e798d07761aa0"},
    {file = "idna-3.7.tar.gz", hash = "sha256:028ff3aadf0609c1fd278d8ea3089299412a7a8b9bd005dd08b9f8285bcb5cfc"},
]

[[package]]
name = "multidict"
version = "6.0.5"
requires_python = ">=3.7"
summary = "multidict implementation"
groups = ["default"]
marker = "python_full_version == \"3.11.4\""
files = [
    {file = "multidict-6.0.5-cp311-cp311-macosx_10_9_universal2.whl", hash = "sha256:f285e862d2f153a70586579c15c44656f888806ed0e5b56b64489afe4a2dbfba"},
    {file = "multidict-6.0.5-cp311-cp311-macosx_10_9_x86_64.whl", hash = "sha256:53689bb4e102200a4fafa9de9c7c3c212ab40a7ab2c8e474491914d2305f187e"},
    {file = "multidict-6.0.5-cp311-cp311-macosx_11_0_arm64.whl", hash = "sha256:612d1156111ae11d14afaf3a0669ebf6c170dbb735e510a7438ffe2369a847fd"},
    {file = "multidict-6.0.5-cp311-cp311-manylinux_2_17_aarch64.manylinux2014_aarch64.whl", hash = "sha256:7be7047bd08accdb7487737631d25735c9a04327911de89ff1b26b81745bd4e3"},
    {file = "multidict-6.0.5-cp311-cp311-manylinux_2_17_ppc64le.manylinux2014_ppc64le.whl", hash = "sha256:de170c7b4fe6859beb8926e84f7d7d6c693dfe8e27372ce3b76f01c46e489fcf"},
    {file = "multidict-6.0.5-cp311-cp311-manylinux_2_17_s390x.manylinux2014_s390x.whl", hash = "sha256:04bde7a7b3de05732a4eb39c94574db1ec99abb56162d6c520ad26f83267de29"},
    {file = "multidict-6.0.5-cp311-cp311-manylinux_2_17_x86_64.manylinux2014_x86_64.whl", hash = "sha256:85f67aed7bb647f93e7520633d8f51d3cbc6ab96957c71272b286b2f30dc70ed"},
    {file = "multidict-6.0.5-cp311-cp311-manylinux_2_5_i686.manylinux1_i686.manylinux_2_17_i686.manylinux2014_i686.whl", hash = "sha256:425bf820055005bfc8aa9a0b99ccb52cc2f4070153e34b701acc98d201693733"},
    {file = "multidict-6.0.5-cp311-cp311-musllinux_1_1_aarch64.whl", hash = "sha256:d3eb1ceec286eba8220c26f3b0096cf189aea7057b6e7b7a2e60ed36b373b77f"},
    {file = "multidict-6.0.5-cp311-cp311-musllinux_1_1_i686.whl", hash = "sha256:7901c05ead4b3fb75113fb1dd33eb1253c6d3ee37ce93305acd9d38e0b5f21a4"},
    {file = "multidict-6.0.5-cp311-cp311-musllinux_1_1_ppc64le.whl", hash = "sha256:e0e79d91e71b9867c73323a3444724d496c037e578a0e1755ae159ba14f4f3d1"},
    {file = "multidict-6.0.5-cp311-cp311-musllinux_1_1_s390x.whl", hash = "sha256:29bfeb0dff5cb5fdab2023a7a9947b3b4af63e9c47cae2a10ad58394b517fddc"},
    {file = "multidict-6.0.5-cp311-cp311-musllinux_1_1_x86_64.whl", hash = "sha256:e030047e85cbcedbfc073f71836d62dd5dadfbe7531cae27789ff66bc551bd5e"},
    {file = "multidict-6.0.5-cp311-cp311-win32.whl", hash = "sha256:2f4848aa3baa109e6ab81fe2006c77ed4d3cd1e0ac2c1fbddb7b1277c168788c"},
    {file = "multidict-6.0.5-cp311-cp311-win_amd64.whl", hash = "sha256:2faa5ae9376faba05f630d7e5e6be05be22913782b927b19d12b8145968a85ea"},
    {file = "multidict-6.0.5-py3-none-any.whl", hash = "sha256:0d63c74e3d7ab26de115c49bffc92cc77ed23395303d496eae515d4204a625e7"},
    {file = "multidict-6.0.5.tar.gz", hash = "sha256:f7e301075edaf50500f0b341543c41194d8df3ae5caf4702f2095f3ca73dd8da"},
]

[[package]]
name = "nodejs-wheel-binaries"
version = "20.16.0"
requires_python = ">=3.7"
summary = "unoffical Node.js package"
groups = ["dev"]
marker = "python_full_version == \"3.11.4\""
files = [
    {file = "nodejs_wheel_binaries-20.16.0-py2.py3-none-macosx_10_15_x86_64.whl", hash = "sha256:5f36c3e2ad9d76505e685811ff838c69163a820bf424e96ed7cff40d845ee394"},
    {file = "nodejs_wheel_binaries-20.16.0-py2.py3-none-macosx_11_0_arm64.whl", hash = "sha256:8e23925f2fbe60a8439742de2a58e08b16a8e14235d066663b9f8d9c1d99026a"},
    {file = "nodejs_wheel_binaries-20.16.0-py2.py3-none-manylinux_2_17_aarch64.manylinux2014_aarch64.whl", hash = "sha256:3810a1faca9ad48e1be479f921f38b47b6f6554a4f1f7f17190d0b0ba02d9789"},
    {file = "nodejs_wheel_binaries-20.16.0-py2.py3-none-manylinux_2_17_x86_64.manylinux2014_x86_64.whl", hash = "sha256:e5efb3d07c30d61f91221710ce838aaf965d46d9f9eee751121abf020bc5da7c"},
    {file = "nodejs_wheel_binaries-20.16.0-py2.py3-none-musllinux_1_2_x86_64.whl", hash = "sha256:338f36039d76381ce66aa24e1b7092192897b97230b631bc11aeebad217383ec"},
    {file = "nodejs_wheel_binaries-20.16.0-py2.py3-none-win_amd64.whl", hash = "sha256:70f7da760bded1b86581ee5d4cd0e57d77c67f8ee0d969cd906db2a6a02ecffb"},
    {file = "nodejs_wheel_binaries-20.16.0.tar.gz", hash = "sha256:85649da01bb3d0d3c9237d28545180254cda5417b4e2c219f53face0103fb2bf"},
]

[[package]]
name = "py-cord"
version = "2.6.0"
requires_python = ">=3.8"
summary = "A Python wrapper for the Discord API"
groups = ["default"]
marker = "python_full_version == \"3.11.4\""
dependencies = [
    "aiohttp<4.0,>=3.6.0",
    "typing-extensions<5,>=4; python_version < \"3.11\"",
]
files = [
    {file = "py_cord-2.6.0-py3-none-any.whl", hash = "sha256:906cc077904a4d478af0264ae4374b0412ed9f9ab950d0162c4f31239a906d26"},
    {file = "py_cord-2.6.0.tar.gz", hash = "sha256:bbc0349542965d05e4b18cc4424136206430a8cc911fda12a0a57df6fdf9cd9c"},
]

[[package]]
name = "python-dotenv"
version = "1.0.1"
requires_python = ">=3.8"
summary = "Read key-value pairs from a .env file and set them as environment variables"
groups = ["dev"]
marker = "python_full_version == \"3.11.4\""
files = [
    {file = "python-dotenv-1.0.1.tar.gz", hash = "sha256:e324ee90a023d808f1959c46bcbc04446a10ced277783dc6ee09987c37ec10ca"},
    {file = "python_dotenv-1.0.1-py3-none-any.whl", hash = "sha256:f7b63ef50f1b690dddf550d03497b66d609393b40b564ed0d674909a68ebf16a"},
]

[[package]]
name = "ruff"
version = "0.5.6"
requires_python = ">=3.7"
summary = "An extremely fast Python linter and code formatter, written in Rust."
groups = ["dev"]
marker = "python_full_version == \"3.11.4\""
files = [
    {file = "ruff-0.5.6-py3-none-linux_armv6l.whl", hash = "sha256:a0ef5930799a05522985b9cec8290b185952f3fcd86c1772c3bdbd732667fdcd"},
    {file = "ruff-0.5.6-py3-none-macosx_10_12_x86_64.whl", hash = "sha256:b652dc14f6ef5d1552821e006f747802cc32d98d5509349e168f6bf0ee9f8f42"},
    {file = "ruff-0.5.6-py3-none-macosx_11_0_arm64.whl", hash = "sha256:80521b88d26a45e871f31e4b88938fd87db7011bb961d8afd2664982dfc3641a"},
    {file = "ruff-0.5.6-py3-none-manylinux_2_17_aarch64.manylinux2014_aarch64.whl", hash = "sha256:d9bc8f328a9f1309ae80e4d392836e7dbc77303b38ed4a7112699e63d3b066ab"},
    {file = "ruff-0.5.6-py3-none-manylinux_2_17_armv7l.manylinux2014_armv7l.whl", hash = "sha256:4d394940f61f7720ad371ddedf14722ee1d6250fd8d020f5ea5a86e7be217daf"},
    {file = "ruff-0.5.6-py3-none-manylinux_2_17_i686.manylinux2014_i686.whl", hash = "sha256:111a99cdb02f69ddb2571e2756e017a1496c2c3a2aeefe7b988ddab38b416d36"},
    {file = "ruff-0.5.6-py3-none-manylinux_2_17_ppc64.manylinux2014_ppc64.whl", hash = "sha256:e395daba77a79f6dc0d07311f94cc0560375ca20c06f354c7c99af3bf4560c5d"},
    {file = "ruff-0.5.6-py3-none-manylinux_2_17_ppc64le.manylinux2014_ppc64le.whl", hash = "sha256:c476acb43c3c51e3c614a2e878ee1589655fa02dab19fe2db0423a06d6a5b1b6"},
    {file = "ruff-0.5.6-py3-none-manylinux_2_17_s390x.manylinux2014_s390x.whl", hash = "sha256:e2ff8003f5252fd68425fd53d27c1f08b201d7ed714bb31a55c9ac1d4c13e2eb"},
    {file = "ruff-0.5.6-py3-none-manylinux_2_17_x86_64.manylinux2014_x86_64.whl", hash = "sha256:c94e084ba3eaa80c2172918c2ca2eb2230c3f15925f4ed8b6297260c6ef179ad"},
    {file = "ruff-0.5.6-py3-none-musllinux_1_2_aarch64.whl", hash = "sha256:1f77c1c3aa0669fb230b06fb24ffa3e879391a3ba3f15e3d633a752da5a3e670"},
    {file = "ruff-0.5.6-py3-none-musllinux_1_2_armv7l.whl", hash = "sha256:f908148c93c02873210a52cad75a6eda856b2cbb72250370ce3afef6fb99b1ed"},
    {file = "ruff-0.5.6-py3-none-musllinux_1_2_i686.whl", hash = "sha256:563a7ae61ad284187d3071d9041c08019975693ff655438d8d4be26e492760bd"},
    {file = "ruff-0.5.6-py3-none-musllinux_1_2_x86_64.whl", hash = "sha256:94fe60869bfbf0521e04fd62b74cbca21cbc5beb67cbb75ab33fe8c174f54414"},
    {file = "ruff-0.5.6-py3-none-win32.whl", hash = "sha256:e6a584c1de6f8591c2570e171cc7ce482bb983d49c70ddf014393cd39e9dfaed"},
    {file = "ruff-0.5.6-py3-none-win_amd64.whl", hash = "sha256:d7fe7dccb1a89dc66785d7aa0ac283b2269712d8ed19c63af908fdccca5ccc1a"},
    {file = "ruff-0.5.6-py3-none-win_arm64.whl", hash = "sha256:57c6c0dd997b31b536bff49b9eee5ed3194d60605a4427f735eeb1f9c1b8d264"},
    {file = "ruff-0.5.6.tar.gz", hash = "sha256:07c9e3c2a8e1fe377dd460371c3462671a728c981c3205a5217291422209f642"},
]

[[package]]
name = "typing-extensions"
version = "4.12.2"
requires_python = ">=3.8"
summary = "Backported and Experimental Type Hints for Python 3.8+"
groups = ["default"]
marker = "python_full_version == \"3.11.4\""
files = [
    {file = "typing_extensions-4.12.2-py3-none-any.whl", hash = "sha256:04e5ca0351e0f3f85c6853954072df659d0d13fac324d0072316b67d7794700d"},
    {file = "typing_extensions-4.12.2.tar.gz", hash = "sha256:1a7ead55c7e559dd4dee8856e3a88b41225abfe1ce8df57b7c13915fe121ffb8"},
]

[[package]]
name = "yarl"
version = "1.9.4"
requires_python = ">=3.7"
summary = "Yet another URL library"
groups = ["default"]
marker = "python_full_version == \"3.11.4\""
dependencies = [
    "idna>=2.0",
    "multidict>=4.0",
    "typing-extensions>=3.7.4; python_version < \"3.8\"",
]
files = [
    {file = "yarl-1.9.4-cp311-cp311-macosx_10_9_universal2.whl", hash = "sha256:35a2b9396879ce32754bd457d31a51ff0a9d426fd9e0e3c33394bf4b9036b099"},
    {file = "yarl-1.9.4-cp311-cp311-macosx_10_9_x86_64.whl", hash = "sha256:4c7d56b293cc071e82532f70adcbd8b61909eec973ae9d2d1f9b233f3d943f2c"},
    {file = "yarl-1.9.4-cp311-cp311-macosx_11_0_arm64.whl", hash = "sha256:d8a1c6c0be645c745a081c192e747c5de06e944a0d21245f4cf7c05e457c36e0"},
    {file = "yarl-1.9.4-cp311-cp311-manylinux_2_17_aarch64.manylinux2014_aarch64.whl", hash = "sha256:4b3c1ffe10069f655ea2d731808e76e0f452fc6c749bea04781daf18e6039525"},
    {file = "yarl-1.9.4-cp311-cp311-manylinux_2_17_ppc64le.manylinux2014_ppc64le.whl", hash = "sha256:549d19c84c55d11687ddbd47eeb348a89df9cb30e1993f1b128f4685cd0ebbf8"},
    {file = "yarl-1.9.4-cp311-cp311-manylinux_2_17_s390x.manylinux2014_s390x.whl", hash = "sha256:a7409f968456111140c1c95301cadf071bd30a81cbd7ab829169fb9e3d72eae9"},
    {file = "yarl-1.9.4-cp311-cp311-manylinux_2_17_x86_64.manylinux2014_x86_64.whl", hash = "sha256:e23a6d84d9d1738dbc6e38167776107e63307dfc8ad108e580548d1f2c587f42"},
    {file = "yarl-1.9.4-cp311-cp311-manylinux_2_5_i686.manylinux1_i686.manylinux_2_17_i686.manylinux2014_i686.whl", hash = "sha256:d8b889777de69897406c9fb0b76cdf2fd0f31267861ae7501d93003d55f54fbe"},
    {file = "yarl-1.9.4-cp311-cp311-musllinux_1_1_aarch64.whl", hash = "sha256:03caa9507d3d3c83bca08650678e25364e1843b484f19986a527630ca376ecce"},
    {file = "yarl-1.9.4-cp311-cp311-musllinux_1_1_i686.whl", hash = "sha256:4e9035df8d0880b2f1c7f5031f33f69e071dfe72ee9310cfc76f7b605958ceb9"},
    {file = "yarl-1.9.4-cp311-cp311-musllinux_1_1_ppc64le.whl", hash = "sha256:c0ec0ed476f77db9fb29bca17f0a8fcc7bc97ad4c6c1d8959c507decb22e8572"},
    {file = "yarl-1.9.4-cp311-cp311-musllinux_1_1_s390x.whl", hash = "sha256:ee04010f26d5102399bd17f8df8bc38dc7ccd7701dc77f4a68c5b8d733406958"},
    {file = "yarl-1.9.4-cp311-cp311-musllinux_1_1_x86_64.whl", hash = "sha256:49a180c2e0743d5d6e0b4d1a9e5f633c62eca3f8a86ba5dd3c471060e352ca98"},
    {file = "yarl-1.9.4-cp311-cp311-win32.whl", hash = "sha256:81eb57278deb6098a5b62e88ad8281b2ba09f2f1147c4767522353eaa6260b31"},
    {file = "yarl-1.9.4-cp311-cp311-win_amd64.whl", hash = "sha256:d1d2532b340b692880261c15aee4dc94dd22ca5d61b9db9a8a361953d36410b1"},
    {file = "yarl-1.9.4-py3-none-any.whl", hash = "sha256:928cecb0ef9d5a7946eb6ff58417ad2fe9375762382f1bf5c55e61645f2c43ad"},
    {file = "yarl-1.9.4.tar.gz", hash = "sha256:566db86717cf8080b99b58b083b773a908ae40f06681e87e589a976faf8246bf"},
]
